
Microsoft Visual Studio Solution File, Format Version 12.00
# Visual Studio Version 16
VisualStudioVersion = 16.0.31025.194
MinimumVisualStudioVersion = 10.0.40219.1
Project("{888888A0-9F3D-457C-B088-3A5042F75D52}") = "PythonTestApp", "PythonTestApp.pyproj", "{0F707399-E4A7-4C5E-B500-EDA2C64FEC60}"
EndProject
Project("{888888A0-9F3D-457C-B088-3A5042F75D52}") = "Chap02", "..\Chap02\Chap02.pyproj", "{E987227A-687D-4142-AA36-3A57506BAB58}"
EndProject
Project("{888888A0-9F3D-457C-B088-3A5042F75D52}") = "Chap03", "..\Chap03\Chap03.pyproj", "{459A2CE6-9299-4C0C-8A50-6A36DB484F9E}"
EndProject
Project("{888888A0-9F3D-457C-B088-3A5042F75D52}") = "Chap04", "..\Chap04\Chap04.pyproj", "{D651B002-F06E-4180-B86C-D1BA118F0BA3}"
EndProject
Global
	GlobalSection(SolutionConfigurationPlatforms) = preSolution
		Debug|Any CPU = Debug|Any CPU
		Release|Any CPU = Release|Any CPU
	EndGlobalSection
	GlobalSection(ProjectConfigurationPlatforms) = postSolution
		{0F707399-E4A7-4C5E-B500-EDA2C64FEC60}.Debug|Any CPU.ActiveCfg = Debug|Any CPU
		{0F707399-E4A7-4C5E-B500-EDA2C64FEC60}.Release|Any CPU.ActiveCfg = Release|Any CPU
		{E987227A-687D-4142-AA36-3A57506BAB58}.Debug|Any CPU.ActiveCfg = Debug|Any CPU
		{E987227A-687D-4142-AA36-3A57506BAB58}.Release|Any CPU.ActiveCfg = Release|Any CPU
		{459A2CE6-9299-4C0C-8A50-6A36DB484F9E}.Debug|Any CPU.ActiveCfg = Debug|Any CPU
		{459A2CE6-9299-4C0C-8A50-6A36DB484F9E}.Release|Any CPU.ActiveCfg = Release|Any CPU
		{D651B002-F06E-4180-B86C-D1BA118F0BA3}.Debug|Any CPU.ActiveCfg = Debug|Any CPU
		{D651B002-F06E-4180-B86C-D1BA118F0BA3}.Release|Any CPU.ActiveCfg = Release|Any CPU
	EndGlobalSection
	GlobalSection(SolutionProperties) = preSolution
		HideSolutionNode = FALSE
	EndGlobalSection
	GlobalSection(ExtensibilityGlobals) = postSolution
		SolutionGuid = {01465E32-3A27-444C-8F53-11D28B56D623}
	EndGlobalSection
EndGlobal
